
Microsoft Visual Studio Solution File, Format Version 12.00
# Visual Studio Version 16
VisualStudioVersion = 16.0.31205.134
MinimumVisualStudioVersion = 10.0.40219.1
Project("{FAE04EC0-301F-11D3-BF4B-00C04F79EFBC}") = "miPropiedad", "miPropiedad\miPropiedad.csproj", "{C66DDD82-3C8E-447B-BD48-3677712E930D}"
EndProject
Global
	GlobalSection(SolutionConfigurationPlatforms) = preSolution
		Debug|Any CPU = Debug|Any CPU
		Release|Any CPU = Release|Any CPU
	EndGlobalSection
	GlobalSection(ProjectConfigurationPlatforms) = postSolution
		{C66DDD82-3C8E-447B-BD48-3677712E930D}.Debug|Any CPU.ActiveCfg = Debug|Any CPU
		{C66DDD82-3C8E-447B-BD48-3677712E930D}.Debug|Any CPU.Build.0 = Debug|Any CPU
		{C66DDD82-3C8E-447B-BD48-3677712E930D}.Release|Any CPU.ActiveCfg = Release|Any CPU
		{C66DDD82-3C8E-447B-BD48-3677712E930D}.Release|Any CPU.Build.0 = Release|Any CPU
	EndGlobalSection
	GlobalSection(SolutionProperties) = preSolution
		HideSolutionNode = FALSE
	EndGlobalSection
	GlobalSection(ExtensibilityGlobals) = postSolution
		SolutionGuid = {4B5C8F80-B6E6-4299-BEB4-F690CD56C2B7}
	EndGlobalSection
EndGlobal
